github.com/dannypsnl/assert v0.0.4/go.mod h1:3Cdg24+tqOsk3KiWCalaIxGSCPzbrVMW0PEZ7aTCvxo=
github.com/dannypsnl/assert v0.0.12 h1:b2j1egq4/uBREMj3JWmQSJEHcUNTdWRQ58M57SMUUMQ=
github.com/dannypsnl/assert v0.0.12/go.mod h1:+jfk+ZXLhZdRte6a88J2upwTCxXeahqNbJsgBoJD6wI=
github.com/dannypsnl/redux v1.5.3 h1:8yqQWM9JPrbsuZhw8/0DG9X3bHIFjclrrrT1jWN6Gbo=
github.com/dannypsnl/redux v1.5.3/go.mod h1:Z94Es6mL3UjumLqCOsFO2qKjYqj+q24CYn/H0BH95GQ=
github.com/fatih/color v1.7.0 h1:DkWD4oS2D8LGGgTQ6IvwJJXSL5Vp2ffcQg58nFV38Ys=
github.com/fatih/color v1.7.0/go.mod h1:Zm6kSWBoL9eyXnKyktHP6abPY2pDugNf5KwzbycvMj4=
github.com/mattn/go-colorable v0.0.9 h1:UVL0vNpWh04HeJXV0KLcaT7r06gOH2l4OW6ddYRUIY4=
github.com/mattn/go-colorable v0.0.9/go.mod h1:9vuHe8Xs5qXnSaW/c/ABM9alt+Vo+STaOChaDxuIBZU=
github.com/mattn/go-isatty v0.0.3 h1:ns/ykhmWi7G9O+8a448SecJU3nSMBXJfqQkl0upE1jI=
github.com/mattn/go-isatty v0.0.3/go.mod h1:M+lRXTBqGeGNdLjl/ufCoiOlB5xdOkqRJdNxMWT7Zi4=
golang.org/x/sys v0.0.0-20180514143608-7c87d13f8e83/go.mod h1:STP8DvDyc/dI5b8T5hshtkjS+E42TnysNCUPdjciGhY=
golang.org/x/sys v0.0.0-20180926160741-c2ed4eda69e7 h1:bit1t3mgdR35yN0cX0G8orgLtOuyL9Wqxa1mccLB0ig=
golang.org/x/sys v0.0.0-20180926160741-c2ed4eda69e7/go.mod h1:STP8DvDyc/dI5b8T5hshtkjS+E42TnysNCUPdjciGhY=
